// !$*UTF8*$!
{
	archiveVersion = 1;
	classes = {
	};
	objectVersion = 52;
	objects = {

/* Begin PBXBuildFile section */
		304D74C02449BDFE001820A5 /* AppDelegate.swift in Sources */ = {isa = PBXBuildFile; fileRef = 304D74BF2449BDFE001820A5 /* AppDelegate.swift */; };
		304D74C22449BDFE001820A5 /* SceneDelegate.swift in Sources */ = {isa = PBXBuildFile; fileRef = 304D74C12449BDFE001820A5 /* SceneDelegate.swift */; };
		304D74C42449BDFE001820A5 /* ContentView.swift in Sources */ = {isa = PBXBuildFile; fileRef = 304D74C32449BDFE001820A5 /* ContentView.swift */; };
		304D74C62449BE00001820A5 /* Assets.xcassets in Resources */ = {isa = PBXBuildFile; fileRef = 304D74C52449BE00001820A5 /* Assets.xcassets */; };
		304D74C92449BE00001820A5 /* Preview Assets.xcassets in Resources */ = {isa = PBXBuildFile; fileRef = 304D74C82449BE00001820A5 /* Preview Assets.xcassets */; };
		304D74CC2449BE00001820A5 /* LaunchScreen.storyboard in Resources */ = {isa = PBXBuildFile; fileRef = 304D74CA2449BE00001820A5 /* LaunchScreen.storyboard */; };
		304D74F62449BF08001820A5 /* NewsAPI in Frameworks */ = {isa = PBXBuildFile; productRef = 304D74F52449BF08001820A5 /* NewsAPI */; };
		304D74F92449BF20001820A5 /* URLImage.swift in Sources */ = {isa = PBXBuildFile; fileRef = 304D74F82449BF20001820A5 /* URLImage.swift */; };
		304D74FC2449BF28001820A5 /* ServiceLocator.swift in Sources */ = {isa = PBXBuildFile; fileRef = 304D74FB2449BF28001820A5 /* ServiceLocator.swift */; };
		304D75032449BF33001820A5 /* ImageCache.swift in Sources */ = {isa = PBXBuildFile; fileRef = 304D74FE2449BF33001820A5 /* ImageCache.swift */; };
		304D75042449BF33001820A5 /* ArticlesService.swift in Sources */ = {isa = PBXBuildFile; fileRef = 304D74FF2449BF33001820A5 /* ArticlesService.swift */; };
		304D75052449BF33001820A5 /* Reachability.swift in Sources */ = {isa = PBXBuildFile; fileRef = 304D75002449BF33001820A5 /* Reachability.swift */; };
		304D750C2449BFD9001820A5 /* ArticleModel.swift in Sources */ = {isa = PBXBuildFile; fileRef = 304D750B2449BFD9001820A5 /* ArticleModel.swift */; };
		30BD52E92449CE4200AE8EA6 /* Collection.swift in Sources */ = {isa = PBXBuildFile; fileRef = 30BD52E82449CE4200AE8EA6 /* Collection.swift */; };
		30BD52EB2449CEA700AE8EA6 /* Misc.swift in Sources */ = {isa = PBXBuildFile; fileRef = 30BD52EA2449CEA700AE8EA6 /* Misc.swift */; };
		30BD52F92449D6D700AE8EA6 /* ArticlesListModel.swift in Sources */ = {isa = PBXBuildFile; fileRef = 30BD52F82449D6D700AE8EA6 /* ArticlesListModel.swift */; };
		30BD52FA2449FCDE00AE8EA6 /* Realm.framework in Frameworks */ = {isa = PBXBuildFile; fileRef = 30BD52F42449D09400AE8EA6 /* Realm.framework */; };
		30BD52FB2449FCDE00AE8EA6 /* Realm.framework in Embed Frameworks */ = {isa = PBXBuildFile; fileRef = 30BD52F42449D09400AE8EA6 /* Realm.framework */; settings = {ATTRIBUTES = (CodeSignOnCopy, RemoveHeadersOnCopy, ); }; };
		30BD52FC2449FCDE00AE8EA6 /* RealmSwift.framework in Frameworks */ = {isa = PBXBuildFile; fileRef = 30BD52F32449D09100AE8EA6 /* RealmSwift.framework */; };
		30BD52FD2449FCDE00AE8EA6 /* RealmSwift.framework in Embed Frameworks */ = {isa = PBXBuildFile; fileRef = 30BD52F32449D09100AE8EA6 /* RealmSwift.framework */; settings = {ATTRIBUTES = (CodeSignOnCopy, RemoveHeadersOnCopy, ); }; };
		30BD5300244A2B9900AE8EA6 /* ContentViewModel.swift in Sources */ = {isa = PBXBuildFile; fileRef = 30BD52FF244A2B9900AE8EA6 /* ContentViewModel.swift */; };
		30BD5304244A35A000AE8EA6 /* RowView.swift in Sources */ = {isa = PBXBuildFile; fileRef = 30BD5303244A35A000AE8EA6 /* RowView.swift */; };
		30BD5306244A3EF300AE8EA6 /* RowViewModel.swift in Sources */ = {isa = PBXBuildFile; fileRef = 30BD5305244A3EF300AE8EA6 /* RowViewModel.swift */; };
/* End PBXBuildFile section */

/* Begin PBXCopyFilesBuildPhase section */
		30BD52FE2449FCDE00AE8EA6 /* Embed Frameworks */ = {
			isa = PBXCopyFilesBuildPhase;
			buildActionMask = 2147483647;
			dstPath = "";
			dstSubfolderSpec = 10;
			files = (
				30BD52FD2449FCDE00AE8EA6 /* RealmSwift.framework in Embed Frameworks */,
				30BD52FB2449FCDE00AE8EA6 /* Realm.framework in Embed Frameworks */,
			);
			name = "Embed Frameworks";
			runOnlyForDeploymentPostprocessing = 0;
		};
/* End PBXCopyFilesBuildPhase section */

/* Begin PBXFileReference section */
		304D74BC2449BDFE001820A5 /* HomeWork5.app */ = {isa = PBXFileReference; explicitFileType = wrapper.application; includeInIndex = 0; path = HomeWork5.app; sourceTree = BUILT_PRODUCTS_DIR; };
		304D74BF2449BDFE001820A5 /* AppDelegate.swift */ = {isa = PBXFileReference; lastKnownFileType = sourcecode.swift; path = AppDelegate.swift; sourceTree = "<group>"; };
		304D74C12449BDFE001820A5 /* SceneDelegate.swift */ = {isa = PBXFileReference; lastKnownFileType = sourcecode.swift; path = SceneDelegate.swift; sourceTree = "<group>"; };
		304D74C32449BDFE001820A5 /* ContentView.swift */ = {isa = PBXFileReference; lastKnownFileType = sourcecode.swift; path = ContentView.swift; sourceTree = "<group>"; };
		304D74C52449BE00001820A5 /* Assets.xcassets */ = {isa = PBXFileReference; lastKnownFileType = folder.assetcatalog; path = Assets.xcassets; sourceTree = "<group>"; };
		304D74C82449BE00001820A5 /* Preview Assets.xcassets */ = {isa = PBXFileReference; lastKnownFileType = folder.assetcatalog; path = "Preview Assets.xcassets"; sourceTree = "<group>"; };
		304D74CB2449BE00001820A5 /* Base */ = {isa = PBXFileReference; lastKnownFileType = file.storyboard; name = Base; path = Base.lproj/LaunchScreen.storyboard; sourceTree = "<group>"; };
		304D74CD2449BE00001820A5 /* Info.plist */ = {isa = PBXFileReference; lastKnownFileType = text.plist.xml; path = Info.plist; sourceTree = "<group>"; };
		304D74F32449BEC0001820A5 /* NewsAPI */ = {isa = PBXFileReference; lastKnownFileType = folder; path = NewsAPI; sourceTree = "<group>"; };
		304D74F82449BF20001820A5 /* URLImage.swift */ = {isa = PBXFileReference; fileEncoding = 4; lastKnownFileType = sourcecode.swift; path = URLImage.swift; sourceTree = "<group>"; };
		304D74FB2449BF28001820A5 /* ServiceLocator.swift */ = {isa = PBXFileReference; fileEncoding = 4; lastKnownFileType = sourcecode.swift; path = ServiceLocator.swift; sourceTree = "<group>"; };
		304D74FE2449BF33001820A5 /* ImageCache.swift */ = {isa = PBXFileReference; fileEncoding = 4; lastKnownFileType = sourcecode.swift; path = ImageCache.swift; sourceTree = "<group>"; };
		304D74FF2449BF33001820A5 /* ArticlesService.swift */ = {isa = PBXFileReference; fileEncoding = 4; lastKnownFileType = sourcecode.swift; path = ArticlesService.swift; sourceTree = "<group>"; };
		304D75002449BF33001820A5 /* Reachability.swift */ = {isa = PBXFileReference; fileEncoding = 4; lastKnownFileType = sourcecode.swift; path = Reachability.swift; sourceTree = "<group>"; };
		304D750B2449BFD9001820A5 /* ArticleModel.swift */ = {isa = PBXFileReference; fileEncoding = 4; lastKnownFileType = sourcecode.swift; path = ArticleModel.swift; sourceTree = "<group>"; };
		30BD52E82449CE4200AE8EA6 /* Collection.swift */ = {isa = PBXFileReference; lastKnownFileType = sourcecode.swift; path = Collection.swift; sourceTree = "<group>"; };
		30BD52EA2449CEA700AE8EA6 /* Misc.swift */ = {isa = PBXFileReference; lastKnownFileType = sourcecode.swift; path = Misc.swift; sourceTree = "<group>"; };
		30BD52F32449D09100AE8EA6 /* RealmSwift.framework */ = {isa = PBXFileReference; lastKnownFileType = wrapper.framework; path = RealmSwift.framework; sourceTree = "<group>"; };
		30BD52F42449D09400AE8EA6 /* Realm.framework */ = {isa = PBXFileReference; lastKnownFileType = wrapper.framework; path = Realm.framework; sourceTree = "<group>"; };
		30BD52F82449D6D700AE8EA6 /* ArticlesListModel.swift */ = {isa = PBXFileReference; lastKnownFileType = sourcecode.swift; path = ArticlesListModel.swift; sourceTree = "<group>"; };
		30BD52FF244A2B9900AE8EA6 /* ContentViewModel.swift */ = {isa = PBXFileReference; lastKnownFileType = sourcecode.swift; path = ContentViewModel.swift; sourceTree = "<group>"; };
		30BD5303244A35A000AE8EA6 /* RowView.swift */ = {isa = PBXFileReference; lastKnownFileType = sourcecode.swift; path = RowView.swift; sourceTree = "<group>"; };
		30BD5305244A3EF300AE8EA6 /* RowViewModel.swift */ = {isa = PBXFileReference; lastKnownFileType = sourcecode.swift; path = RowViewModel.swift; sourceTree = "<group>"; };
/* End PBXFileReference section */

/* Begin PBXFrameworksBuildPhase section */
		304D74B92449BDFE001820A5 /* Frameworks */ = {
			isa = PBXFrameworksBuildPhase;
			buildActionMask = 2147483647;
			files = (
				30BD52FA2449FCDE00AE8EA6 /* Realm.framework in Frameworks */,
				304D74F62449BF08001820A5 /* NewsAPI in Frameworks */,
				30BD52FC2449FCDE00AE8EA6 /* RealmSwift.framework in Frameworks */,
			);
			runOnlyForDeploymentPostprocessing = 0;
		};
/* End PBXFrameworksBuildPhase section */

/* Begin PBXGroup section */
		304D74B32449BDFE001820A5 = {
			isa = PBXGroup;
			children = (
				304D74BE2449BDFE001820A5 /* HomeWork5 */,
				304D74BD2449BDFE001820A5 /* Products */,
				304D74F42449BF08001820A5 /* Frameworks */,
			);
			sourceTree = "<group>";
		};
		304D74BD2449BDFE001820A5 /* Products */ = {
			isa = PBXGroup;
			children = (
				304D74BC2449BDFE001820A5 /* HomeWork5.app */,
			);
			name = Products;
			sourceTree = "<group>";
		};
		304D74BE2449BDFE001820A5 /* HomeWork5 */ = {
			isa = PBXGroup;
			children = (
				304D74BF2449BDFE001820A5 /* AppDelegate.swift */,
				304D74C12449BDFE001820A5 /* SceneDelegate.swift */,
				304D74D32449BE4E001820A5 /* APIs */,
				304D74FA2449BF28001820A5 /* ServiceLocator */,
				304D74F72449BF20001820A5 /* UIComponents */,
				304D750D2449BFEA001820A5 /* Extensions */,
				304D74FD2449BF33001820A5 /* Services */,
				304D75082449BF41001820A5 /* Models */,
				304D75092449BF49001820A5 /* ViewModels */,
				304D750A2449BF52001820A5 /* Views */,
				304D75102449C00D001820A5 /* SupportFiles */,
				304D74C72449BE00001820A5 /* Preview Content */,
			);
			path = HomeWork5;
			sourceTree = "<group>";
		};
		304D74C72449BE00001820A5 /* Preview Content */ = {
			isa = PBXGroup;
			children = (
				304D74C82449BE00001820A5 /* Preview Assets.xcassets */,
			);
			path = "Preview Content";
			sourceTree = "<group>";
		};
		304D74D32449BE4E001820A5 /* APIs */ = {
			isa = PBXGroup;
			children = (
				304D74F32449BEC0001820A5 /* NewsAPI */,
			);
			path = APIs;
			sourceTree = "<group>";
		};
		304D74F42449BF08001820A5 /* Frameworks */ = {
			isa = PBXGroup;
			children = (
				30BD52F42449D09400AE8EA6 /* Realm.framework */,
				30BD52F32449D09100AE8EA6 /* RealmSwift.framework */,
			);
			name = Frameworks;
			sourceTree = "<group>";
		};
		304D74F72449BF20001820A5 /* UIComponents */ = {
			isa = PBXGroup;
			children = (
				304D74F82449BF20001820A5 /* URLImage.swift */,
			);
			path = UIComponents;
			sourceTree = "<group>";
		};
		304D74FA2449BF28001820A5 /* ServiceLocator */ = {
			isa = PBXGroup;
			children = (
				304D74FB2449BF28001820A5 /* ServiceLocator.swift */,
			);
			path = ServiceLocator;
			sourceTree = "<group>";
		};
		304D74FD2449BF33001820A5 /* Services */ = {
			isa = PBXGroup;
			children = (
				304D74FE2449BF33001820A5 /* ImageCache.swift */,
				304D74FF2449BF33001820A5 /* ArticlesService.swift */,
				304D75002449BF33001820A5 /* Reachability.swift */,
			);
			path = Services;
			sourceTree = "<group>";
		};
		304D75082449BF41001820A5 /* Models */ = {
			isa = PBXGroup;
			children = (
				304D750B2449BFD9001820A5 /* ArticleModel.swift */,
				30BD52F82449D6D700AE8EA6 /* ArticlesListModel.swift */,
			);
			path = Models;
			sourceTree = "<group>";
		};
		304D75092449BF49001820A5 /* ViewModels */ = {
			isa = PBXGroup;
			children = (
				30BD52FF244A2B9900AE8EA6 /* ContentViewModel.swift */,
				30BD5305244A3EF300AE8EA6 /* RowViewModel.swift */,
			);
			path = ViewModels;
			sourceTree = "<group>";
		};
		304D750A2449BF52001820A5 /* Views */ = {
			isa = PBXGroup;
			children = (
				304D74C32449BDFE001820A5 /* ContentView.swift */,
				30BD5303244A35A000AE8EA6 /* RowView.swift */,
			);
			path = Views;
			sourceTree = "<group>";
		};
		304D750D2449BFEA001820A5 /* Extensions */ = {
			isa = PBXGroup;
			children = (
				30BD52E82449CE4200AE8EA6 /* Collection.swift */,
				30BD52EA2449CEA700AE8EA6 /* Misc.swift */,
			);
			path = Extensions;
			sourceTree = "<group>";
		};
		304D75102449C00D001820A5 /* SupportFiles */ = {
			isa = PBXGroup;
			children = (
				304D74C52449BE00001820A5 /* Assets.xcassets */,
				304D74CA2449BE00001820A5 /* LaunchScreen.storyboard */,
				304D74CD2449BE00001820A5 /* Info.plist */,
			);
			path = SupportFiles;
			sourceTree = "<group>";
		};
/* End PBXGroup section */

/* Begin PBXNativeTarget section */
		304D74BB2449BDFE001820A5 /* HomeWork5 */ = {
			isa = PBXNativeTarget;
			buildConfigurationList = 304D74D02449BE00001820A5 /* Build configuration list for PBXNativeTarget "HomeWork5" */;
			buildPhases = (
				304D74B82449BDFE001820A5 /* Sources */,
				304D74B92449BDFE001820A5 /* Frameworks */,
				304D74BA2449BDFE001820A5 /* Resources */,
				30BD52FE2449FCDE00AE8EA6 /* Embed Frameworks */,
			);
			buildRules = (
			);
			dependencies = (
			);
			name = HomeWork5;
			packageProductDependencies = (
				304D74F52449BF08001820A5 /* NewsAPI */,
			);
			productName = HomeWork5;
			productReference = 304D74BC2449BDFE001820A5 /* HomeWork5.app */;
			productType = "com.apple.product-type.application";
		};
/* End PBXNativeTarget section */

/* Begin PBXProject section */
		304D74B42449BDFE001820A5 /* Project object */ = {
			isa = PBXProject;
			attributes = {
				LastSwiftUpdateCheck = 1140;
				LastUpgradeCheck = 1140;
				ORGANIZATIONNAME = "Vitaliy Voronok";
				TargetAttributes = {
					304D74BB2449BDFE001820A5 = {
						CreatedOnToolsVersion = 11.4.1;
					};
				};
			};
			buildConfigurationList = 304D74B72449BDFE001820A5 /* Build configuration list for PBXProject "HomeWork5" */;
			compatibilityVersion = "Xcode 9.3";
			developmentRegion = en;
			hasScannedForEncodings = 0;
			knownRegions = (
				en,
				Base,
			);
			mainGroup = 304D74B32449BDFE001820A5;
			productRefGroup = 304D74BD2449BDFE001820A5 /* Products */;
			projectDirPath = "";
			projectRoot = "";
			targets = (
				304D74BB2449BDFE001820A5 /* HomeWork5 */,
			);
		};
/* End PBXProject section */

/* Begin PBXResourcesBuildPhase section */
		304D74BA2449BDFE001820A5 /* Resources */ = {
			isa = PBXResourcesBuildPhase;
			buildActionMask = 2147483647;
			files = (
				304D74CC2449BE00001820A5 /* LaunchScreen.storyboard in Resources */,
				304D74C92449BE00001820A5 /* Preview Assets.xcassets in Resources */,
				304D74C62449BE00001820A5 /* Assets.xcassets in Resources */,
			);
			runOnlyForDeploymentPostprocessing = 0;
		};
/* End PBXResourcesBuildPhase section */

/* Begin PBXSourcesBuildPhase section */
		304D74B82449BDFE001820A5 /* Sources */ = {
			isa = PBXSourcesBuildPhase;
			buildActionMask = 2147483647;
			files = (
				304D75032449BF33001820A5 /* ImageCache.swift in Sources */,
				30BD5300244A2B9900AE8EA6 /* ContentViewModel.swift in Sources */,
				304D750C2449BFD9001820A5 /* ArticleModel.swift in Sources */,
				304D75042449BF33001820A5 /* ArticlesService.swift in Sources */,
				304D74C02449BDFE001820A5 /* AppDelegate.swift in Sources */,
				304D74FC2449BF28001820A5 /* ServiceLocator.swift in Sources */,
				304D74C22449BDFE001820A5 /* SceneDelegate.swift in Sources */,
				30BD52F92449D6D700AE8EA6 /* ArticlesListModel.swift in Sources */,
				30BD5306244A3EF300AE8EA6 /* RowViewModel.swift in Sources */,
				304D74C42449BDFE001820A5 /* ContentView.swift in Sources */,
				30BD5304244A35A000AE8EA6 /* RowView.swift in Sources */,
				30BD52E92449CE4200AE8EA6 /* Collection.swift in Sources */,
				30BD52EB2449CEA700AE8EA6 /* Misc.swift in Sources */,
				304D75052449BF33001820A5 /* Reachability.swift in Sources */,
				304D74F92449BF20001820A5 /* URLImage.swift in Sources */,
			);
			runOnlyForDeploymentPostprocessing = 0;
		};
/* End PBXSourcesBuildPhase section */

/* Begin PBXVariantGroup section */
		304D74CA2449BE00001820A5 /* LaunchScreen.storyboard */ = {
			isa = PBXVariantGroup;
			children = (
				304D74CB2449BE00001820A5 /* Base */,
			);
			name = LaunchScreen.storyboard;
			sourceTree = "<group>";
		};
/* End PBXVariantGroup section */

/* Begin XCBuildConfiguration section */
		304D74CE2449BE00001820A5 /* Debug */ = {
			isa = XCBuildConfiguration;
			buildSettings = {
				ALWAYS_SEARCH_USER_PATHS = NO;
				CLANG_ANALYZER_NONNULL = YES;
				CLANG_ANALYZER_NUMBER_OBJECT_CONVERSION = YES_AGGRESSIVE;
				CLANG_CXX_LANGUAGE_STANDARD = "gnu++14";
				CLANG_CXX_LIBRARY = "libc++";
				CLANG_ENABLE_MODULES = YES;
				CLANG_ENABLE_OBJC_ARC = YES;
				CLANG_ENABLE_OBJC_WEAK = YES;
				CLANG_WARN_BLOCK_CAPTURE_AUTORELEASING = YES;
				CLANG_WARN_BOOL_CONVERSION = YES;
				CLANG_WARN_COMMA = YES;
				CLANG_WARN_CONSTANT_CONVERSION = YES;
				CLANG_WARN_DEPRECATED_OBJC_IMPLEMENTATIONS = YES;
				CLANG_WARN_DIRECT_OBJC_ISA_USAGE = YES_ERROR;
				CLANG_WARN_DOCUMENTATION_COMMENTS = YES;
				CLANG_WARN_EMPTY_BODY = YES;
				CLANG_WARN_ENUM_CONVERSION = YES;
				CLANG_WARN_INFINITE_RECURSION = YES;
				CLANG_WARN_INT_CONVERSION = YES;
				CLANG_WARN_NON_LITERAL_NULL_CONVERSION = YES;
				CLANG_WARN_OBJC_IMPLICIT_RETAIN_SELF = YES;
				CLANG_WARN_OBJC_LITERAL_CONVERSION = YES;
				CLANG_WARN_OBJC_ROOT_CLASS = YES_ERROR;
				CLANG_WARN_RANGE_LOOP_ANALYSIS = YES;
				CLANG_WARN_STRICT_PROTOTYPES = YES;
				CLANG_WARN_SUSPICIOUS_MOVE = YES;
				CLANG_WARN_UNGUARDED_AVAILABILITY = YES_AGGRESSIVE;
				CLANG_WARN_UNREACHABLE_CODE = YES;
				CLANG_WARN__DUPLICATE_METHOD_MATCH = YES;
				COPY_PHASE_STRIP = NO;
				DEBUG_INFORMATION_FORMAT = dwarf;
				ENABLE_STRICT_OBJC_MSGSEND = YES;
				ENABLE_TESTABILITY = YES;
				GCC_C_LANGUAGE_STANDARD = gnu11;
				GCC_DYNAMIC_NO_PIC = NO;
				GCC_NO_COMMON_BLOCKS = YES;
				GCC_OPTIMIZATION_LEVEL = 0;
				GCC_PREPROCESSOR_DEFINITIONS = (
					"DEBUG=1",
					"$(inherited)",
				);
				GCC_WARN_64_TO_32_BIT_CONVERSION = YES;
				GCC_WARN_ABOUT_RETURN_TYPE = YES_ERROR;
				GCC_WARN_UNDECLARED_SELECTOR = YES;
				GCC_WARN_UNINITIALIZED_AUTOS = YES_AGGRESSIVE;
				GCC_WARN_UNUSED_FUNCTION = YES;
				GCC_WARN_UNUSED_VARIABLE = YES;
				IPHONEOS_DEPLOYMENT_TARGET = 13.4;
				MTL_ENABLE_DEBUG_INFO = INCLUDE_SOURCE;
				MTL_FAST_MATH = YES;
				ONLY_ACTIVE_ARCH = YES;
				SDKROOT = iphoneos;
				SWIFT_ACTIVE_COMPILATION_CONDITIONS = DEBUG;
				SWIFT_OPTIMIZATION_LEVEL = "-Onone";
			};
			name = Debug;
		};
		304D74CF2449BE00001820A5 /* Release */ = {
			isa = XCBuildConfiguration;
			buildSettings = {
				ALWAYS_SEARCH_USER_PATHS = NO;
				CLANG_ANALYZER_NONNULL = YES;
				CLANG_ANALYZER_NUMBER_OBJECT_CONVERSION = YES_AGGRESSIVE;
				CLANG_CXX_LANGUAGE_STANDARD = "gnu++14";
				CLANG_CXX_LIBRARY = "libc++";
				CLANG_ENABLE_MODULES = YES;
				CLANG_ENABLE_OBJC_ARC = YES;
				CLANG_ENABLE_OBJC_WEAK = YES;
				CLANG_WARN_BLOCK_CAPTURE_AUTORELEASING = YES;
				CLANG_WARN_BOOL_CONVERSION = YES;
				CLANG_WARN_COMMA = YES;
				CLANG_WARN_CONSTANT_CONVERSION = YES;
				CLANG_WARN_DEPRECATED_OBJC_IMPLEMENTATIONS = YES;
				CLANG_WARN_DIRECT_OBJC_ISA_USAGE = YES_ERROR;
				CLANG_WARN_DOCUMENTATION_COMMENTS = YES;
				CLANG_WARN_EMPTY_BODY = YES;
				CLANG_WARN_ENUM_CONVERSION = YES;
				CLANG_WARN_INFINITE_RECURSION = YES;
				CLANG_WARN_INT_CONVERSION = YES;
				CLANG_WARN_NON_LITERAL_NULL_CONVERSION = YES;
				CLANG_WARN_OBJC_IMPLICIT_RETAIN_SELF = YES;
				CLANG_WARN_OBJC_LITERAL_CONVERSION = YES;
				CLANG_WARN_OBJC_ROOT_CLASS = YES_ERROR;
				CLANG_WARN_RANGE_LOOP_ANALYSIS = YES;
				CLANG_WARN_STRICT_PROTOTYPES = YES;
				CLANG_WARN_SUSPICIOUS_MOVE = YES;
				CLANG_WARN_UNGUARDED_AVAILABILITY = YES_AGGRESSIVE;
				CLANG_WARN_UNREACHABLE_CODE = YES;
				CLANG_WARN__DUPLICATE_METHOD_MATCH = YES;
				COPY_PHASE_STRIP = NO;
				DEBUG_INFORMATION_FORMAT = "dwarf-with-dsym";
				ENABLE_NS_ASSERTIONS = NO;
				ENABLE_STRICT_OBJC_MSGSEND = YES;
				GCC_C_LANGUAGE_STANDARD = gnu11;
				GCC_NO_COMMON_BLOCKS = YES;
				GCC_WARN_64_TO_32_BIT_CONVERSION = YES;
				GCC_WARN_ABOUT_RETURN_TYPE = YES_ERROR;
				GCC_WARN_UNDECLARED_SELECTOR = YES;
				GCC_WARN_UNINITIALIZED_AUTOS = YES_AGGRESSIVE;
				GCC_WARN_UNUSED_FUNCTION = YES;
				GCC_WARN_UNUSED_VARIABLE = YES;
				IPHONEOS_DEPLOYMENT_TARGET = 13.4;
				MTL_ENABLE_DEBUG_INFO = NO;
				MTL_FAST_MATH = YES;
				SDKROOT = iphoneos;
				SWIFT_COMPILATION_MODE = wholemodule;
				SWIFT_OPTIMIZATION_LEVEL = "-O";
				VALIDATE_PRODUCT = YES;
			};
			name = Release;
		};
		304D74D12449BE00001820A5 /* Debug */ = {
			isa = XCBuildConfiguration;
			buildSettings = {
				ASSETCATALOG_COMPILER_APPICON_NAME = AppIcon;
				CODE_SIGN_STYLE = Automatic;
				DEVELOPMENT_ASSET_PATHS = "\"HomeWork5/Preview Content\"";
				DEVELOPMENT_TEAM = 5298J2LD58;
				ENABLE_PREVIEWS = YES;
				FRAMEWORK_SEARCH_PATHS = (
					"$(inherited)",
					"$(PROJECT_DIR)",
				);
				INFOPLIST_FILE = HomeWork5/SupportFiles/Info.plist;
				LD_RUNPATH_SEARCH_PATHS = (
					"$(inherited)",
					"@executable_path/Frameworks",
				);
				PRODUCT_BUNDLE_IDENTIFIER = com.kneo82.HomeWork5;
				PRODUCT_NAME = "$(TARGET_NAME)";
				SWIFT_VERSION = 5.0;
				TARGETED_DEVICE_FAMILY = "1,2";
			};
			name = Debug;
		};
		304D74D22449BE00001820A5 /* Release */ = {
			isa = XCBuildConfiguration;
			buildSettings = {
				ASSETCATALOG_COMPILER_APPICON_NAME = AppIcon;
				CODE_SIGN_STYLE = Automatic;
				DEVELOPMENT_ASSET_PATHS = "\"HomeWork5/Preview Content\"";
				DEVELOPMENT_TEAM = 5298J2LD58;
				ENABLE_PREVIEWS = YES;
				FRAMEWORK_SEARCH_PATHS = (
					"$(inherited)",
					"$(PROJECT_DIR)",
				);
				INFOPLIST_FILE = HomeWork5/SupportFiles/Info.plist;
				LD_RUNPATH_SEARCH_PATHS = (
					"$(inherited)",
					"@executable_path/Frameworks",
				);
				PRODUCT_BUNDLE_IDENTIFIER = com.kneo82.HomeWork5;
				PRODUCT_NAME = "$(TARGET_NAME)";
				SWIFT_VERSION = 5.0;
				TARGETED_DEVICE_FAMILY = "1,2";
			};
			name = Release;
		};
/* End XCBuildConfiguration section */

/* Begin XCConfigurationList section */
		304D74B72449BDFE001820A5 /* Build configuration list for PBXProject "HomeWork5" */ = {
			isa = XCConfigurationList;
			buildConfigurations = (
				304D74CE2449BE00001820A5 /* Debug */,
				304D74CF2449BE00001820A5 /* Release */,
			);
			defaultConfigurationIsVisible = 0;
			defaultConfigurationName = Release;
		};
		304D74D02449BE00001820A5 /* Build configuration list for PBXNativeTarget "HomeWork5" */ = {
			isa = XCConfigurationList;
			buildConfigurations = (
				304D74D12449BE00001820A5 /* Debug */,
				304D74D22449BE00001820A5 /* Release */,
			);
			defaultConfigurationIsVisible = 0;
			defaultConfigurationName = Release;
		};
/* End XCConfigurationList section */

/* Begin XCSwiftPackageProductDependency section */
		304D74F52449BF08001820A5 /* NewsAPI */ = {
			isa = XCSwiftPackageProductDependency;
			productName = NewsAPI;
		};
/* End XCSwiftPackageProductDependency section */
	};
	rootObject = 304D74B42449BDFE001820A5 /* Project object */;
}
